
Microsoft Visual Studio Solution File, Format Version 12.00
# Visual Studio Version 17
VisualStudioVersion = 17.11.35219.272
MinimumVisualStudioVersion = 10.0.40219.1
Project("{FAE04EC0-301F-11D3-BF4B-00C04F79EFBC}") = "DisableCityEffects", "DisableCityEffects\DisableCityEffects.csproj", "{BF986F85-891D-4740-85C4-F6924704665D}"
EndProject
Global
	GlobalSection(SolutionConfigurationPlatforms) = preSolution
		Debug|Any CPU = Debug|Any CPU
		Release|Any CPU = Release|Any CPU
	EndGlobalSection
	GlobalSection(ProjectConfigurationPlatforms) = postSolution
		{BF986F85-891D-4740-85C4-F6924704665D}.Debug|Any CPU.ActiveCfg = Debug|Any CPU
		{BF986F85-891D-4740-85C4-F6924704665D}.Debug|Any CPU.Build.0 = Debug|Any CPU
		{BF986F85-891D-4740-85C4-F6924704665D}.Release|Any CPU.ActiveCfg = Release|Any CPU
		{BF986F85-891D-4740-85C4-F6924704665D}.Release|Any CPU.Build.0 = Release|Any CPU
	EndGlobalSection
	GlobalSection(SolutionProperties) = preSolution
		HideSolutionNode = FALSE
	EndGlobalSection
	GlobalSection(ExtensibilityGlobals) = postSolution
		SolutionGuid = {2F5E357F-95A0-49C4-96B6-1F77EBF0494C}
	EndGlobalSection
EndGlobal
